
Microsoft Visual Studio Solution File, Format Version 12.00
# Visual Studio Version 16
VisualStudioVersion = 16.0.30717.126
MinimumVisualStudioVersion = 10.0.40219.1
Project("{FAE04EC0-301F-11D3-BF4B-00C04F79EFBC}") = "BakcellClassTask01", "BakcellClassTask01\BakcellClassTask01.csproj", "{483BFE17-2CC3-4E38-91CE-A90DBBA77619}"
EndProject
Global
	GlobalSection(SolutionConfigurationPlatforms) = preSolution
		Debug|Any CPU = Debug|Any CPU
		Release|Any CPU = Release|Any CPU
	EndGlobalSection
	GlobalSection(ProjectConfigurationPlatforms) = postSolution
		{483BFE17-2CC3-4E38-91CE-A90DBBA77619}.Debug|Any CPU.ActiveCfg = Debug|Any CPU
		{483BFE17-2CC3-4E38-91CE-A90DBBA77619}.Debug|Any CPU.Build.0 = Debug|Any CPU
		{483BFE17-2CC3-4E38-91CE-A90DBBA77619}.Release|Any CPU.ActiveCfg = Release|Any CPU
		{483BFE17-2CC3-4E38-91CE-A90DBBA77619}.Release|Any CPU.Build.0 = Release|Any CPU
	EndGlobalSection
	GlobalSection(SolutionProperties) = preSolution
		HideSolutionNode = FALSE
	EndGlobalSection
	GlobalSection(ExtensibilityGlobals) = postSolution
		SolutionGuid = {5BFC77F7-9A35-4621-867D-CB371B9775AC}
	EndGlobalSection
EndGlobal
